// !$*UTF8*$!
{
	archiveVersion = 1;
	classes = {
	};
	objectVersion = 46;
	objects = {

/* Begin PBXBuildFile section */
		3E27F52C18AD26140010C77C /* TestViewController.m in Sources */ = {isa = PBXBuildFile; fileRef = 3E27F52B18AD26140010C77C /* TestViewController.m */; };
		3E27F53118AD35CC0010C77C /* 个人.png in Resources */ = {isa = PBXBuildFile; fileRef = 3E27F52D18AD35CC0010C77C /* 个人.png */; };
		3E27F53218AD35CC0010C77C /* 公告.png in Resources */ = {isa = PBXBuildFile; fileRef = 3E27F52E18AD35CC0010C77C /* 公告.png */; };
		3E27F53318AD35CC0010C77C /* 记录.png in Resources */ = {isa = PBXBuildFile; fileRef = 3E27F52F18AD35CC0010C77C /* 记录.png */; };
		3E27F53418AD35CC0010C77C /* 留言.png in Resources */ = {isa = PBXBuildFile; fileRef = 3E27F53018AD35CC0010C77C /* 留言.png */; };
		3E27F53618AD35D90010C77C /* 订餐.png in Resources */ = {isa = PBXBuildFile; fileRef = 3E27F53518AD35D90010C77C /* 订餐.png */; };
		3E97675218A1299800AE48D3 /* Foundation.framework in Frameworks */ = {isa = PBXBuildFile; fileRef = 3E97675118A1299800AE48D3 /* Foundation.framework */; };
		3E97675418A1299800AE48D3 /* CoreGraphics.framework in Frameworks */ = {isa = PBXBuildFile; fileRef = 3E97675318A1299800AE48D3 /* CoreGraphics.framework */; };
		3E97675618A1299800AE48D3 /* UIKit.framework in Frameworks */ = {isa = PBXBuildFile; fileRef = 3E97675518A1299800AE48D3 /* UIKit.framework */; };
		3E97675C18A1299800AE48D3 /* InfoPlist.strings in Resources */ = {isa = PBXBuildFile; fileRef = 3E97675A18A1299800AE48D3 /* InfoPlist.strings */; };
		3E97675E18A1299800AE48D3 /* main.m in Sources */ = {isa = PBXBuildFile; fileRef = 3E97675D18A1299800AE48D3 /* main.m */; };
		3E97676218A1299800AE48D3 /* AppDelegate.m in Sources */ = {isa = PBXBuildFile; fileRef = 3E97676118A1299800AE48D3 /* AppDelegate.m */; };
		3E97676A18A1299800AE48D3 /* Images.xcassets in Resources */ = {isa = PBXBuildFile; fileRef = 3E97676918A1299800AE48D3 /* Images.xcassets */; };
		3E97677118A1299800AE48D3 /* XCTest.framework in Frameworks */ = {isa = PBXBuildFile; fileRef = 3E97677018A1299800AE48D3 /* XCTest.framework */; };
		3E97677218A1299800AE48D3 /* Foundation.framework in Frameworks */ = {isa = PBXBuildFile; fileRef = 3E97675118A1299800AE48D3 /* Foundation.framework */; };
		3E97677318A1299800AE48D3 /* UIKit.framework in Frameworks */ = {isa = PBXBuildFile; fileRef = 3E97675518A1299800AE48D3 /* UIKit.framework */; };
		3E97677B18A1299900AE48D3 /* InfoPlist.strings in Resources */ = {isa = PBXBuildFile; fileRef = 3E97677918A1299900AE48D3 /* InfoPlist.strings */; };
		3E97677D18A1299900AE48D3 /* XDWMTests.m in Sources */ = {isa = PBXBuildFile; fileRef = 3E97677C18A1299900AE48D3 /* XDWMTests.m */; };
		3ECAF93418A25EBF007D3ECE /* LINOrderViewController.m in Sources */ = {isa = PBXBuildFile; fileRef = 3ECAF93318A25EBF007D3ECE /* LINOrderViewController.m */; };
		3ECAF93918A26304007D3ECE /* Main.storyboard in Resources */ = {isa = PBXBuildFile; fileRef = 3ECAF93818A26304007D3ECE /* Main.storyboard */; };
		3ECED71218A14CB6007B3FC8 /* LINPickFoodViewController.m in Sources */ = {isa = PBXBuildFile; fileRef = 3ECED71118A14CB6007B3FC8 /* LINPickFoodViewController.m */; };
		3ED2AFA518A61679001AE706 /* NSAlert+MKNetworkKitAdditions.m in Sources */ = {isa = PBXBuildFile; fileRef = 3ED2AF9018A61679001AE706 /* NSAlert+MKNetworkKitAdditions.m */; };
		3ED2AFA618A61679001AE706 /* NSData+MKBase64.m in Sources */ = {isa = PBXBuildFile; fileRef = 3ED2AF9218A61679001AE706 /* NSData+MKBase64.m */; };
		3ED2AFA718A61679001AE706 /* NSDate+RFC1123.m in Sources */ = {isa = PBXBuildFile; fileRef = 3ED2AF9418A61679001AE706 /* NSDate+RFC1123.m */; };
		3ED2AFA818A61679001AE706 /* NSDictionary+RequestEncoding.m in Sources */ = {isa = PBXBuildFile; fileRef = 3ED2AF9618A61679001AE706 /* NSDictionary+RequestEncoding.m */; };
		3ED2AFA918A61679001AE706 /* NSString+MKNetworkKitAdditions.m in Sources */ = {isa = PBXBuildFile; fileRef = 3ED2AF9818A61679001AE706 /* NSString+MKNetworkKitAdditions.m */; };
		3ED2AFAA18A61679001AE706 /* UIAlertView+MKNetworkKitAdditions.m in Sources */ = {isa = PBXBuildFile; fileRef = 3ED2AF9A18A61679001AE706 /* UIAlertView+MKNetworkKitAdditions.m */; };
		3ED2AFAB18A61679001AE706 /* UIImageView+MKNetworkKitAdditions.m in Sources */ = {isa = PBXBuildFile; fileRef = 3ED2AF9C18A61679001AE706 /* UIImageView+MKNetworkKitAdditions.m */; };
		3ED2AFAC18A61679001AE706 /* MKNetworkEngine.m in Sources */ = {isa = PBXBuildFile; fileRef = 3ED2AF9E18A61679001AE706 /* MKNetworkEngine.m */; };
		3ED2AFAD18A61679001AE706 /* MKNetworkOperation.m in Sources */ = {isa = PBXBuildFile; fileRef = 3ED2AFA118A61679001AE706 /* MKNetworkOperation.m */; };
		3ED2AFAE18A61679001AE706 /* Reachability.m in Sources */ = {isa = PBXBuildFile; fileRef = 3ED2AFA418A61679001AE706 /* Reachability.m */; };
		3ED2AFB118A62156001AE706 /* LINGoodModel.m in Sources */ = {isa = PBXBuildFile; fileRef = 3ED2AFB018A62156001AE706 /* LINGoodModel.m */; };
		3ED2AFD018A652B0001AE706 /* MKAnnotationView+WebCache.m in Sources */ = {isa = PBXBuildFile; fileRef = 3ED2AFB418A652B0001AE706 /* MKAnnotationView+WebCache.m */; };
		3ED2AFD118A652B0001AE706 /* NSData+ImageContentType.m in Sources */ = {isa = PBXBuildFile; fileRef = 3ED2AFB618A652B0001AE706 /* NSData+ImageContentType.m */; };
		3ED2AFD218A652B0001AE706 /* SDImageCache.m in Sources */ = {isa = PBXBuildFile; fileRef = 3ED2AFB818A652B0001AE706 /* SDImageCache.m */; };
		3ED2AFD318A652B0001AE706 /* SDWebImageCompat.m in Sources */ = {isa = PBXBuildFile; fileRef = 3ED2AFBA18A652B0001AE706 /* SDWebImageCompat.m */; };
		3ED2AFD418A652B0001AE706 /* SDWebImageDecoder.m in Sources */ = {isa = PBXBuildFile; fileRef = 3ED2AFBC18A652B0001AE706 /* SDWebImageDecoder.m */; };
		3ED2AFD518A652B0001AE706 /* SDWebImageDownloader.m in Sources */ = {isa = PBXBuildFile; fileRef = 3ED2AFBE18A652B0001AE706 /* SDWebImageDownloader.m */; };
		3ED2AFD618A652B0001AE706 /* SDWebImageDownloaderOperation.m in Sources */ = {isa = PBXBuildFile; fileRef = 3ED2AFC018A652B0001AE706 /* SDWebImageDownloaderOperation.m */; };
		3ED2AFD718A652B0001AE706 /* SDWebImageManager.m in Sources */ = {isa = PBXBuildFile; fileRef = 3ED2AFC218A652B0001AE706 /* SDWebImageManager.m */; };
		3ED2AFD818A652B0001AE706 /* SDWebImagePrefetcher.m in Sources */ = {isa = PBXBuildFile; fileRef = 3ED2AFC518A652B0001AE706 /* SDWebImagePrefetcher.m */; };
		3ED2AFD918A652B0001AE706 /* UIButton+WebCache.m in Sources */ = {isa = PBXBuildFile; fileRef = 3ED2AFC718A652B0001AE706 /* UIButton+WebCache.m */; };
		3ED2AFDA18A652B0001AE706 /* UIImage+GIF.m in Sources */ = {isa = PBXBuildFile; fileRef = 3ED2AFC918A652B0001AE706 /* UIImage+GIF.m */; };
		3ED2AFDB18A652B0001AE706 /* UIImage+MultiFormat.m in Sources */ = {isa = PBXBuildFile; fileRef = 3ED2AFCB18A652B0001AE706 /* UIImage+MultiFormat.m */; };
		3ED2AFDC18A652B0001AE706 /* UIImage+WebP.m in Sources */ = {isa = PBXBuildFile; fileRef = 3ED2AFCD18A652B0001AE706 /* UIImage+WebP.m */; };
		3ED2AFDD18A652B0001AE706 /* UIImageView+WebCache.m in Sources */ = {isa = PBXBuildFile; fileRef = 3ED2AFCF18A652B0001AE706 /* UIImageView+WebCache.m */; };
		3ED2AFE118A65FA9001AE706 /* LINUserModel.m in Sources */ = {isa = PBXBuildFile; fileRef = 3ED2AFE018A65FA9001AE706 /* LINUserModel.m */; };
		3ED2AFE418A661DB001AE706 /* LINOrderList.m in Sources */ = {isa = PBXBuildFile; fileRef = 3ED2AFE318A661DB001AE706 /* LINOrderList.m */; };
		3ED2AFF818A77C84001AE706 /* LINRootViewController.m in Sources */ = {isa = PBXBuildFile; fileRef = 3ED2AFF718A77C84001AE706 /* LINRootViewController.m */; };
		3ED2B01918A78292001AE706 /* CXAlertBackgroundWindow.m in Sources */ = {isa = PBXBuildFile; fileRef = 3ED2B00B18A78292001AE706 /* CXAlertBackgroundWindow.m */; };
		3ED2B01A18A78292001AE706 /* CXAlertButtonContainerView.m in Sources */ = {isa = PBXBuildFile; fileRef = 3ED2B00D18A78292001AE706 /* CXAlertButtonContainerView.m */; };
		3ED2B01B18A78292001AE706 /* CXAlertButtonItem.m in Sources */ = {isa = PBXBuildFile; fileRef = 3ED2B00F18A78292001AE706 /* CXAlertButtonItem.m */; };
		3ED2B01C18A78292001AE706 /* CXAlertView.m in Sources */ = {isa = PBXBuildFile; fileRef = 3ED2B01118A78292001AE706 /* CXAlertView.m */; };
		3ED2B01D18A78292001AE706 /* CXAlertViewController.m in Sources */ = {isa = PBXBuildFile; fileRef = 3ED2B01318A78292001AE706 /* CXAlertViewController.m */; };
		3ED2B01E18A78292001AE706 /* LFDisplayBridge.m in Sources */ = {isa = PBXBuildFile; fileRef = 3ED2B01518A78292001AE706 /* LFDisplayBridge.m */; };
		3ED2B01F18A78292001AE706 /* LFGlassView.m in Sources */ = {isa = PBXBuildFile; fileRef = 3ED2B01718A78292001AE706 /* LFGlassView.m */; };
/* End PBXBuildFile section */

/* Begin PBXContainerItemProxy section */
		3E97677418A1299800AE48D3 /* PBXContainerItemProxy */ = {
			isa = PBXContainerItemProxy;
			containerPortal = 3E97674618A1299800AE48D3 /* Project object */;
			proxyType = 1;
			remoteGlobalIDString = 3E97674D18A1299800AE48D3;
			remoteInfo = XDWM;
		};
/* End PBXContainerItemProxy section */

/* Begin PBXFileReference section */
		3E27F52A18AD26140010C77C /* TestViewController.h */ = {isa = PBXFileReference; fileEncoding = 4; lastKnownFileType = sourcecode.c.h; path = TestViewController.h; sourceTree = "<group>"; };
		3E27F52B18AD26140010C77C /* TestViewController.m */ = {isa = PBXFileReference; fileEncoding = 4; lastKnownFileType = sourcecode.c.objc; path = TestViewController.m; sourceTree = "<group>"; };
		3E27F52D18AD35CC0010C77C /* 个人.png */ = {isa = PBXFileReference; lastKnownFileType = image.png; path = "个人.png"; sourceTree = "<group>"; };
		3E27F52E18AD35CC0010C77C /* 公告.png */ = {isa = PBXFileReference; lastKnownFileType = image.png; path = "公告.png"; sourceTree = "<group>"; };
		3E27F52F18AD35CC0010C77C /* 记录.png */ = {isa = PBXFileReference; lastKnownFileType = image.png; path = "记录.png"; sourceTree = "<group>"; };
		3E27F53018AD35CC0010C77C /* 留言.png */ = {isa = PBXFileReference; lastKnownFileType = image.png; path = "留言.png"; sourceTree = "<group>"; };
		3E27F53518AD35D90010C77C /* 订餐.png */ = {isa = PBXFileReference; lastKnownFileType = image.png; path = "订餐.png"; sourceTree = "<group>"; };
		3E97674E18A1299800AE48D3 /* XDWM.app */ = {isa = PBXFileReference; explicitFileType = wrapper.application; includeInIndex = 0; path = XDWM.app; sourceTree = BUILT_PRODUCTS_DIR; };
		3E97675118A1299800AE48D3 /* Foundation.framework */ = {isa = PBXFileReference; lastKnownFileType = wrapper.framework; name = Foundation.framework; path = System/Library/Frameworks/Foundation.framework; sourceTree = SDKROOT; };
		3E97675318A1299800AE48D3 /* CoreGraphics.framework */ = {isa = PBXFileReference; lastKnownFileType = wrapper.framework; name = CoreGraphics.framework; path = System/Library/Frameworks/CoreGraphics.framework; sourceTree = SDKROOT; };
		3E97675518A1299800AE48D3 /* UIKit.framework */ = {isa = PBXFileReference; lastKnownFileType = wrapper.framework; name = UIKit.framework; path = System/Library/Frameworks/UIKit.framework; sourceTree = SDKROOT; };
		3E97675918A1299800AE48D3 /* XDWM-Info.plist */ = {isa = PBXFileReference; lastKnownFileType = text.plist.xml; path = "XDWM-Info.plist"; sourceTree = "<group>"; };
		3E97675B18A1299800AE48D3 /* en */ = {isa = PBXFileReference; lastKnownFileType = text.plist.strings; name = en; path = en.lproj/InfoPlist.strings; sourceTree = "<group>"; };
		3E97675D18A1299800AE48D3 /* main.m */ = {isa = PBXFileReference; lastKnownFileType = sourcecode.c.objc; path = main.m; sourceTree = "<group>"; };
		3E97675F18A1299800AE48D3 /* XDWM-Prefix.pch */ = {isa = PBXFileReference; lastKnownFileType = sourcecode.c.h; path = "XDWM-Prefix.pch"; sourceTree = "<group>"; };
		3E97676018A1299800AE48D3 /* AppDelegate.h */ = {isa = PBXFileReference; lastKnownFileType = sourcecode.c.h; path = AppDelegate.h; sourceTree = "<group>"; };
		3E97676118A1299800AE48D3 /* AppDelegate.m */ = {isa = PBXFileReference; lastKnownFileType = sourcecode.c.objc; path = AppDelegate.m; sourceTree = "<group>"; };
		3E97676918A1299800AE48D3 /* Images.xcassets */ = {isa = PBXFileReference; lastKnownFileType = folder.assetcatalog; path = Images.xcassets; sourceTree = "<group>"; };
		3E97676F18A1299800AE48D3 /* XDWMTests.xctest */ = {isa = PBXFileReference; explicitFileType = wrapper.cfbundle; includeInIndex = 0; path = XDWMTests.xctest; sourceTree = BUILT_PRODUCTS_DIR; };
		3E97677018A1299800AE48D3 /* XCTest.framework */ = {isa = PBXFileReference; lastKnownFileType = wrapper.framework; name = XCTest.framework; path = Library/Frameworks/XCTest.framework; sourceTree = DEVELOPER_DIR; };
		3E97677818A1299800AE48D3 /* XDWMTests-Info.plist */ = {isa = PBXFileReference; lastKnownFileType = text.plist.xml; path = "XDWMTests-Info.plist"; sourceTree = "<group>"; };
		3E97677A18A1299900AE48D3 /* en */ = {isa = PBXFileReference; lastKnownFileType = text.plist.strings; name = en; path = en.lproj/InfoPlist.strings; sourceTree = "<group>"; };
		3E97677C18A1299900AE48D3 /* XDWMTests.m */ = {isa = PBXFileReference; lastKnownFileType = sourcecode.c.objc; path = XDWMTests.m; sourceTree = "<group>"; };
		3E97678618A13B6000AE48D3 /* LINOrderViewController.h */ = {isa = PBXFileReference; fileEncoding = 4; lastKnownFileType = sourcecode.c.h; path = LINOrderViewController.h; sourceTree = "<group>"; };
		3ECAF93318A25EBF007D3ECE /* LINOrderViewController.m */ = {isa = PBXFileReference; fileEncoding = 4; lastKnownFileType = sourcecode.c.objc; path = LINOrderViewController.m; sourceTree = "<group>"; };
		3ECAF93818A26304007D3ECE /* Main.storyboard */ = {isa = PBXFileReference; fileEncoding = 4; lastKnownFileType = file.storyboard; path = Main.storyboard; sourceTree = "<group>"; };
		3ECED71018A14CB6007B3FC8 /* LINPickFoodViewController.h */ = {isa = PBXFileReference; fileEncoding = 4; lastKnownFileType = sourcecode.c.h; path = LINPickFoodViewController.h; sourceTree = "<group>"; };
		3ECED71118A14CB6007B3FC8 /* LINPickFoodViewController.m */ = {isa = PBXFileReference; fileEncoding = 4; lastKnownFileType = sourcecode.c.objc; path = LINPickFoodViewController.m; sourceTree = "<group>"; };
		3ED2AF8F18A61679001AE706 /* NSAlert+MKNetworkKitAdditions.h */ = {isa = PBXFileReference; fileEncoding = 4; lastKnownFileType = sourcecode.c.h; path = "NSAlert+MKNetworkKitAdditions.h"; sourceTree = "<group>"; };
		3ED2AF9018A61679001AE706 /* NSAlert+MKNetworkKitAdditions.m */ = {isa = PBXFileReference; fileEncoding = 4; lastKnownFileType = sourcecode.c.objc; path = "NSAlert+MKNetworkKitAdditions.m"; sourceTree = "<group>"; };
		3ED2AF9118A61679001AE706 /* NSData+MKBase64.h */ = {isa = PBXFileReference; fileEncoding = 4; lastKnownFileType = sourcecode.c.h; path = "NSData+MKBase64.h"; sourceTree = "<group>"; };
		3ED2AF9218A61679001AE706 /* NSData+MKBase64.m */ = {isa = PBXFileReference; fileEncoding = 4; lastKnownFileType = sourcecode.c.objc; path = "NSData+MKBase64.m"; sourceTree = "<group>"; };
		3ED2AF9318A61679001AE706 /* NSDate+RFC1123.h */ = {isa = PBXFileReference; fileEncoding = 4; lastKnownFileType = sourcecode.c.h; path = "NSDate+RFC1123.h"; sourceTree = "<group>"; };
		3ED2AF9418A61679001AE706 /* NSDate+RFC1123.m */ = {isa = PBXFileReference; fileEncoding = 4; lastKnownFileType = sourcecode.c.objc; path = "NSDate+RFC1123.m"; sourceTree = "<group>"; };
		3ED2AF9518A61679001AE706 /* NSDictionary+RequestEncoding.h */ = {isa = PBXFileReference; fileEncoding = 4; lastKnownFileType = sourcecode.c.h; path = "NSDictionary+RequestEncoding.h"; sourceTree = "<group>"; };
		3ED2AF9618A61679001AE706 /* NSDictionary+RequestEncoding.m */ = {isa = PBXFileReference; fileEncoding = 4; lastKnownFileType = sourcecode.c.objc; path = "NSDictionary+RequestEncoding.m"; sourceTree = "<group>"; };
		3ED2AF9718A61679001AE706 /* NSString+MKNetworkKitAdditions.h */ = {isa = PBXFileReference; fileEncoding = 4; lastKnownFileType = sourcecode.c.h; path = "NSString+MKNetworkKitAdditions.h"; sourceTree = "<group>"; };
		3ED2AF9818A61679001AE706 /* NSString+MKNetworkKitAdditions.m */ = {isa = PBXFileReference; fileEncoding = 4; lastKnownFileType = sourcecode.c.objc; path = "NSString+MKNetworkKitAdditions.m"; sourceTree = "<group>"; };
		3ED2AF9918A61679001AE706 /* UIAlertView+MKNetworkKitAdditions.h */ = {isa = PBXFileReference; fileEncoding = 4; lastKnownFileType = sourcecode.c.h; path = "UIAlertView+MKNetworkKitAdditions.h"; sourceTree = "<group>"; };
		3ED2AF9A18A61679001AE706 /* UIAlertView+MKNetworkKitAdditions.m */ = {isa = PBXFileReference; fileEncoding = 4; lastKnownFileType = sourcecode.c.objc; path = "UIAlertView+MKNetworkKitAdditions.m"; sourceTree = "<group>"; };
		3ED2AF9B18A61679001AE706 /* UIImageView+MKNetworkKitAdditions.h */ = {isa = PBXFileReference; fileEncoding = 4; lastKnownFileType = sourcecode.c.h; path = "UIImageView+MKNetworkKitAdditions.h"; sourceTree = "<group>"; };
		3ED2AF9C18A61679001AE706 /* UIImageView+MKNetworkKitAdditions.m */ = {isa = PBXFileReference; fileEncoding = 4; lastKnownFileType = sourcecode.c.objc; path = "UIImageView+MKNetworkKitAdditions.m"; sourceTree = "<group>"; };
		3ED2AF9D18A61679001AE706 /* MKNetworkEngine.h */ = {isa = PBXFileReference; fileEncoding = 4; lastKnownFileType = sourcecode.c.h; path = MKNetworkEngine.h; sourceTree = "<group>"; };
		3ED2AF9E18A61679001AE706 /* MKNetworkEngine.m */ = {isa = PBXFileReference; fileEncoding = 4; lastKnownFileType = sourcecode.c.objc; path = MKNetworkEngine.m; sourceTree = "<group>"; };
		3ED2AF9F18A61679001AE706 /* MKNetworkKit.h */ = {isa = PBXFileReference; fileEncoding = 4; lastKnownFileType = sourcecode.c.h; path = MKNetworkKit.h; sourceTree = "<group>"; };
		3ED2AFA018A61679001AE706 /* MKNetworkOperation.h */ = {isa = PBXFileReference; fileEncoding = 4; lastKnownFileType = sourcecode.c.h; path = MKNetworkOperation.h; sourceTree = "<group>"; };
		3ED2AFA118A61679001AE706 /* MKNetworkOperation.m */ = {isa = PBXFileReference; fileEncoding = 4; lastKnownFileType = sourcecode.c.objc; path = MKNetworkOperation.m; sourceTree = "<group>"; };
		3ED2AFA318A61679001AE706 /* Reachability.h */ = {isa = PBXFileReference; fileEncoding = 4; lastKnownFileType = sourcecode.c.h; path = Reachability.h; sourceTree = "<group>"; };
		3ED2AFA418A61679001AE706 /* Reachability.m */ = {isa = PBXFileReference; fileEncoding = 4; lastKnownFileType = sourcecode.c.objc; path = Reachability.m; sourceTree = "<group>"; };
		3ED2AFAF18A62156001AE706 /* LINGoodModel.h */ = {isa = PBXFileReference; fileEncoding = 4; lastKnownFileType = sourcecode.c.h; path = LINGoodModel.h; sourceTree = "<group>"; };
		3ED2AFB018A62156001AE706 /* LINGoodModel.m */ = {isa = PBXFileReference; fileEncoding = 4; lastKnownFileType = sourcecode.c.objc; path = LINGoodModel.m; sourceTree = "<group>"; };
		3ED2AFB318A652B0001AE706 /* MKAnnotationView+WebCache.h */ = {isa = PBXFileReference; fileEncoding = 4; lastKnownFileType = sourcecode.c.h; path = "MKAnnotationView+WebCache.h"; sourceTree = "<group>"; };
		3ED2AFB418A652B0001AE706 /* MKAnnotationView+WebCache.m */ = {isa = PBXFileReference; fileEncoding = 4; lastKnownFileType = sourcecode.c.objc; path = "MKAnnotationView+WebCache.m"; sourceTree = "<group>"; };
		3ED2AFB518A652B0001AE706 /* NSData+ImageContentType.h */ = {isa = PBXFileReference; fileEncoding = 4; lastKnownFileType = sourcecode.c.h; path = "NSData+ImageContentType.h"; sourceTree = "<group>"; };
		3ED2AFB618A652B0001AE706 /* NSData+ImageContentType.m */ = {isa = PBXFileReference; fileEncoding = 4; lastKnownFileType = sourcecode.c.objc; path = "NSData+ImageContentType.m"; sourceTree = "<group>"; };
		3ED2AFB718A652B0001AE706 /* SDImageCache.h */ = {isa = PBXFileReference; fileEncoding = 4; lastKnownFileType = sourcecode.c.h; path = SDImageCache.h; sourceTree = "<group>"; };
		3ED2AFB818A652B0001AE706 /* SDImageCache.m */ = {isa = PBXFileReference; fileEncoding = 4; lastKnownFileType = sourcecode.c.objc; path = SDImageCache.m; sourceTree = "<group>"; };
		3ED2AFB918A652B0001AE706 /* SDWebImageCompat.h */ = {isa = PBXFileReference; fileEncoding = 4; lastKnownFileType = sourcecode.c.h; path = SDWebImageCompat.h; sourceTree = "<group>"; };
		3ED2AFBA18A652B0001AE706 /* SDWebImageCompat.m */ = {isa = PBXFileReference; fileEncoding = 4; lastKnownFileType = sourcecode.c.objc; path = SDWebImageCompat.m; sourceTree = "<group>"; };
		3ED2AFBB18A652B0001AE706 /* SDWebImageDecoder.h */ = {isa = PBXFileReference; fileEncoding = 4; lastKnownFileType = sourcecode.c.h; path = SDWebImageDecoder.h; sourceTree = "<group>"; };
		3ED2AFBC18A652B0001AE706 /* SDWebImageDecoder.m */ = {isa = PBXFileReference; fileEncoding = 4; lastKnownFileType = sourcecode.c.objc; path = SDWebImageDecoder.m; sourceTree = "<group>"; };
		3ED2AFBD18A652B0001AE706 /* SDWebImageDownloader.h */ = {isa = PBXFileReference; fileEncoding = 4; lastKnownFileType = sourcecode.c.h; path = SDWebImageDownloader.h; sourceTree = "<group>"; };
		3ED2AFBE18A652B0001AE706 /* SDWebImageDownloader.m */ = {isa = PBXFileReference; fileEncoding = 4; lastKnownFileType = sourcecode.c.objc; path = SDWebImageDownloader.m; sourceTree = "<group>"; };
		3ED2AFBF18A652B0001AE706 /* SDWebImageDownloaderOperation.h */ = {isa = PBXFileReference; fileEncoding = 4; lastKnownFileType = sourcecode.c.h; path = SDWebImageDownloaderOperation.h; sourceTree = "<group>"; };
		3ED2AFC018A652B0001AE706 /* SDWebImageDownloaderOperation.m */ = {isa = PBXFileReference; fileEncoding = 4; lastKnownFileType = sourcecode.c.objc; path = SDWebImageDownloaderOperation.m; sourceTree = "<group>"; };
		3ED2AFC118A652B0001AE706 /* SDWebImageManager.h */ = {isa = PBXFileReference; fileEncoding = 4; lastKnownFileType = sourcecode.c.h; path = SDWebImageManager.h; sourceTree = "<group>"; };
		3ED2AFC218A652B0001AE706 /* SDWebImageManager.m */ = {isa = PBXFileReference; fileEncoding = 4; lastKnownFileType = sourcecode.c.objc; path = SDWebImageManager.m; sourceTree = "<group>"; };
		3ED2AFC318A652B0001AE706 /* SDWebImageOperation.h */ = {isa = PBXFileReference; fileEncoding = 4; lastKnownFileType = sourcecode.c.h; path = SDWebImageOperation.h; sourceTree = "<group>"; };
		3ED2AFC418A652B0001AE706 /* SDWebImagePrefetcher.h */ = {isa = PBXFileReference; fileEncoding = 4; lastKnownFileType = sourcecode.c.h; path = SDWebImagePrefetcher.h; sourceTree = "<group>"; };
		3ED2AFC518A652B0001AE706 /* SDWebImagePrefetcher.m */ = {isa = PBXFileReference; fileEncoding = 4; lastKnownFileType = sourcecode.c.objc; path = SDWebImagePrefetcher.m; sourceTree = "<group>"; };
		3ED2AFC618A652B0001AE706 /* UIButton+WebCache.h */ = {isa = PBXFileReference; fileEncoding = 4; lastKnownFileType = sourcecode.c.h; path = "UIButton+WebCache.h"; sourceTree = "<group>"; };
		3ED2AFC718A652B0001AE706 /* UIButton+WebCache.m */ = {isa = PBXFileReference; fileEncoding = 4; lastKnownFileType = sourcecode.c.objc; path = "UIButton+WebCache.m"; sourceTree = "<group>"; };
		3ED2AFC818A652B0001AE706 /* UIImage+GIF.h */ = {isa = PBXFileReference; fileEncoding = 4; lastKnownFileType = sourcecode.c.h; path = "UIImage+GIF.h"; sourceTree = "<group>"; };
		3ED2AFC918A652B0001AE706 /* UIImage+GIF.m */ = {isa = PBXFileReference; fileEncoding = 4; lastKnownFileType = sourcecode.c.objc; path = "UIImage+GIF.m"; sourceTree = "<group>"; };
		3ED2AFCA18A652B0001AE706 /* UIImage+MultiFormat.h */ = {isa = PBXFileReference; fileEncoding = 4; lastKnownFileType = sourcecode.c.h; path = "UIImage+MultiFormat.h"; sourceTree = "<group>"; };
		3ED2AFCB18A652B0001AE706 /* UIImage+MultiFormat.m */ = {isa = PBXFileReference; fileEncoding = 4; lastKnownFileType = sourcecode.c.objc; path = "UIImage+MultiFormat.m"; sourceTree = "<group>"; };
		3ED2AFCC18A652B0001AE706 /* UIImage+WebP.h */ = {isa = PBXFileReference; fileEncoding = 4; lastKnownFileType = sourcecode.c.h; path = "UIImage+WebP.h"; sourceTree = "<group>"; };
		3ED2AFCD18A652B0001AE706 /* UIImage+WebP.m */ = {isa = PBXFileReference; fileEncoding = 4; lastKnownFileType = sourcecode.c.objc; path = "UIImage+WebP.m"; sourceTree = "<group>"; };
		3ED2AFCE18A652B0001AE706 /* UIImageView+WebCache.h */ = {isa = PBXFileReference; fileEncoding = 4; lastKnownFileType = sourcecode.c.h; path = "UIImageView+WebCache.h"; sourceTree = "<group>"; };
		3ED2AFCF18A652B0001AE706 /* UIImageView+WebCache.m */ = {isa = PBXFileReference; fileEncoding = 4; lastKnownFileType = sourcecode.c.objc; path = "UIImageView+WebCache.m"; sourceTree = "<group>"; };
		3ED2AFDF18A65FA9001AE706 /* LINUserModel.h */ = {isa = PBXFileReference; fileEncoding = 4; lastKnownFileType = sourcecode.c.h; path = LINUserModel.h; sourceTree = "<group>"; };
		3ED2AFE018A65FA9001AE706 /* LINUserModel.m */ = {isa = PBXFileReference; fileEncoding = 4; lastKnownFileType = sourcecode.c.objc; path = LINUserModel.m; sourceTree = "<group>"; };
		3ED2AFE218A661DB001AE706 /* LINOrderList.h */ = {isa = PBXFileReference; fileEncoding = 4; lastKnownFileType = sourcecode.c.h; path = LINOrderList.h; sourceTree = "<group>"; };
		3ED2AFE318A661DB001AE706 /* LINOrderList.m */ = {isa = PBXFileReference; fileEncoding = 4; lastKnownFileType = sourcecode.c.objc; path = LINOrderList.m; sourceTree = "<group>"; };
		3ED2AFF218A76B8D001AE706 /* ADDRMACRO.h */ = {isa = PBXFileReference; fileEncoding = 4; lastKnownFileType = sourcecode.c.h; path = ADDRMACRO.h; sourceTree = "<group>"; };
		3ED2AFF618A77C84001AE706 /* LINRootViewController.h */ = {isa = PBXFileReference; fileEncoding = 4; lastKnownFileType = sourcecode.c.h; name = LINRootViewController.h; path = ../LINRootViewController.h; sourceTree = "<group>"; };
		3ED2AFF718A77C84001AE706 /* LINRootViewController.m */ = {isa = PBXFileReference; fileEncoding = 4; lastKnownFileType = sourcecode.c.objc; name = LINRootViewController.m; path = ../LINRootViewController.m; sourceTree = "<group>"; };
		3ED2B00A18A78292001AE706 /* CXAlertBackgroundWindow.h */ = {isa = PBXFileReference; fileEncoding = 4; lastKnownFileType = sourcecode.c.h; path = CXAlertBackgroundWindow.h; sourceTree = "<group>"; };
		3ED2B00B18A78292001AE706 /* CXAlertBackgroundWindow.m */ = {isa = PBXFileReference; fileEncoding = 4; lastKnownFileType = sourcecode.c.objc; path = CXAlertBackgroundWindow.m; sourceTree = "<group>"; };
		3ED2B00C18A78292001AE706 /* CXAlertButtonContainerView.h */ = {isa = PBXFileReference; fileEncoding = 4; lastKnownFileType = sourcecode.c.h; path = CXAlertButtonContainerView.h; sourceTree = "<group>"; };
		3ED2B00D18A78292001AE706 /* CXAlertButtonContainerView.m */ = {isa = PBXFileReference; fileEncoding = 4; lastKnownFileType = sourcecode.c.objc; path = CXAlertButtonContainerView.m; sourceTree = "<group>"; };
		3ED2B00E18A78292001AE706 /* CXAlertButtonItem.h */ = {isa = PBXFileReference; fileEncoding = 4; lastKnownFileType = sourcecode.c.h; path = CXAlertButtonItem.h; sourceTree = "<group>"; };
		3ED2B00F18A78292001AE706 /* CXAlertButtonItem.m */ = {isa = PBXFileReference; fileEncoding = 4; lastKnownFileType = sourcecode.c.objc; path = CXAlertButtonItem.m; sourceTree = "<group>"; };
		3ED2B01018A78292001AE706 /* CXAlertView.h */ = {isa = PBXFileReference; fileEncoding = 4; lastKnownFileType = sourcecode.c.h; path = CXAlertView.h; sourceTree = "<group>"; };
		3ED2B01118A78292001AE706 /* CXAlertView.m */ = {isa = PBXFileReference; fileEncoding = 4; lastKnownFileType = sourcecode.c.objc; path = CXAlertView.m; sourceTree = "<group>"; };
		3ED2B01218A78292001AE706 /* CXAlertViewController.h */ = {isa = PBXFileReference; fileEncoding = 4; lastKnownFileType = sourcecode.c.h; path = CXAlertViewController.h; sourceTree = "<group>"; };
		3ED2B01318A78292001AE706 /* CXAlertViewController.m */ = {isa = PBXFileReference; fileEncoding = 4; lastKnownFileType = sourcecode.c.objc; path = CXAlertViewController.m; sourceTree = "<group>"; };
		3ED2B01418A78292001AE706 /* LFDisplayBridge.h */ = {isa = PBXFileReference; fileEncoding = 4; lastKnownFileType = sourcecode.c.h; path = LFDisplayBridge.h; sourceTree = "<group>"; };
		3ED2B01518A78292001AE706 /* LFDisplayBridge.m */ = {isa = PBXFileReference; fileEncoding = 4; lastKnownFileType = sourcecode.c.objc; path = LFDisplayBridge.m; sourceTree = "<group>"; };
		3ED2B01618A78292001AE706 /* LFGlassView.h */ = {isa = PBXFileReference; fileEncoding = 4; lastKnownFileType = sourcecode.c.h; path = LFGlassView.h; sourceTree = "<group>"; };
		3ED2B01718A78292001AE706 /* LFGlassView.m */ = {isa = PBXFileReference; fileEncoding = 4; lastKnownFileType = sourcecode.c.objc; path = LFGlassView.m; sourceTree = "<group>"; };
		3ED2B01818A78292001AE706 /* LiveFrost.h */ = {isa = PBXFileReference; fileEncoding = 4; lastKnownFileType = sourcecode.c.h; path = LiveFrost.h; sourceTree = "<group>"; };
/* End PBXFileReference section */

/* Begin PBXFrameworksBuildPhase section */
		3E97674B18A1299800AE48D3 /* Frameworks */ = {
			isa = PBXFrameworksBuildPhase;
			buildActionMask = 2147483647;
			files = (
				3E97675418A1299800AE48D3 /* CoreGraphics.framework in Frameworks */,
				3E97675618A1299800AE48D3 /* UIKit.framework in Frameworks */,
				3E97675218A1299800AE48D3 /* Foundation.framework in Frameworks */,
			);
			runOnlyForDeploymentPostprocessing = 0;
		};
		3E97676C18A1299800AE48D3 /* Frameworks */ = {
			isa = PBXFrameworksBuildPhase;
			buildActionMask = 2147483647;
			files = (
				3E97677118A1299800AE48D3 /* XCTest.framework in Frameworks */,
				3E97677318A1299800AE48D3 /* UIKit.framework in Frameworks */,
				3E97677218A1299800AE48D3 /* Foundation.framework in Frameworks */,
			);
			runOnlyForDeploymentPostprocessing = 0;
		};
/* End PBXFrameworksBuildPhase section */

/* Begin PBXGroup section */
		3E97674518A1299800AE48D3 = {
			isa = PBXGroup;
			children = (
				3E97675718A1299800AE48D3 /* XDWM */,
				3E97677618A1299800AE48D3 /* XDWMTests */,
				3E97675018A1299800AE48D3 /* Frameworks */,
				3E97674F18A1299800AE48D3 /* Products */,
			);
			sourceTree = "<group>";
		};
		3E97674F18A1299800AE48D3 /* Products */ = {
			isa = PBXGroup;
			children = (
				3E97674E18A1299800AE48D3 /* XDWM.app */,
				3E97676F18A1299800AE48D3 /* XDWMTests.xctest */,
			);
			name = Products;
			sourceTree = "<group>";
		};
		3E97675018A1299800AE48D3 /* Frameworks */ = {
			isa = PBXGroup;
			children = (
				3ED2B00918A78292001AE706 /* CXAlertView */,
				3ED2AFB218A652B0001AE706 /* SDWebImage */,
				3ED2AF8D18A61679001AE706 /* MKNetworkKit */,
				3E97675118A1299800AE48D3 /* Foundation.framework */,
				3E97675318A1299800AE48D3 /* CoreGraphics.framework */,
				3E97675518A1299800AE48D3 /* UIKit.framework */,
				3E97677018A1299800AE48D3 /* XCTest.framework */,
			);
			name = Frameworks;
			sourceTree = "<group>";
		};
		3E97675718A1299800AE48D3 /* XDWM */ = {
			isa = PBXGroup;
			children = (
				3ED2AFE518A66385001AE706 /* Lin's Module */,
				3ED2AFDE18A65F78001AE706 /* Model */,
				3E97676018A1299800AE48D3 /* AppDelegate.h */,
				3E97676118A1299800AE48D3 /* AppDelegate.m */,
				3ECAF93818A26304007D3ECE /* Main.storyboard */,
				3E27F52A18AD26140010C77C /* TestViewController.h */,
				3E27F52B18AD26140010C77C /* TestViewController.m */,
				3E27F52D18AD35CC0010C77C /* 个人.png */,
				3E27F52E18AD35CC0010C77C /* 公告.png */,
				3E27F53518AD35D90010C77C /* 订餐.png */,
				3E27F52F18AD35CC0010C77C /* 记录.png */,
				3E27F53018AD35CC0010C77C /* 留言.png */,
				3E97676918A1299800AE48D3 /* Images.xcassets */,
				3E97675818A1299800AE48D3 /* Supporting Files */,
			);
			path = XDWM;
			sourceTree = "<group>";
		};
		3E97675818A1299800AE48D3 /* Supporting Files */ = {
			isa = PBXGroup;
			children = (
				3E97675918A1299800AE48D3 /* XDWM-Info.plist */,
				3E97675A18A1299800AE48D3 /* InfoPlist.strings */,
				3E97675D18A1299800AE48D3 /* main.m */,
				3E97675F18A1299800AE48D3 /* XDWM-Prefix.pch */,
			);
			name = "Supporting Files";
			sourceTree = "<group>";
		};
		3E97677618A1299800AE48D3 /* XDWMTests */ = {
			isa = PBXGroup;
			children = (
				3E97677C18A1299900AE48D3 /* XDWMTests.m */,
				3E97677718A1299800AE48D3 /* Supporting Files */,
			);
			path = XDWMTests;
			sourceTree = "<group>";
		};
		3E97677718A1299800AE48D3 /* Supporting Files */ = {
			isa = PBXGroup;
			children = (
				3E97677818A1299800AE48D3 /* XDWMTests-Info.plist */,
				3E97677918A1299900AE48D3 /* InfoPlist.strings */,
			);
			name = "Supporting Files";
			sourceTree = "<group>";
		};
		3ED2AF8D18A61679001AE706 /* MKNetworkKit */ = {
			isa = PBXGroup;
			children = (
				3ED2AF8E18A61679001AE706 /* Categories */,
				3ED2AF9D18A61679001AE706 /* MKNetworkEngine.h */,
				3ED2AF9E18A61679001AE706 /* MKNetworkEngine.m */,
				3ED2AF9F18A61679001AE706 /* MKNetworkKit.h */,
				3ED2AFA018A61679001AE706 /* MKNetworkOperation.h */,
				3ED2AFA118A61679001AE706 /* MKNetworkOperation.m */,
				3ED2AFA218A61679001AE706 /* Reachability */,
			);
			path = MKNetworkKit;
			sourceTree = "<group>";
		};
		3ED2AF8E18A61679001AE706 /* Categories */ = {
			isa = PBXGroup;
			children = (
				3ED2AF8F18A61679001AE706 /* NSAlert+MKNetworkKitAdditions.h */,
				3ED2AF9018A61679001AE706 /* NSAlert+MKNetworkKitAdditions.m */,
				3ED2AF9118A61679001AE706 /* NSData+MKBase64.h */,
				3ED2AF9218A61679001AE706 /* NSData+MKBase64.m */,
				3ED2AF9318A61679001AE706 /* NSDate+RFC1123.h */,
				3ED2AF9418A61679001AE706 /* NSDate+RFC1123.m */,
				3ED2AF9518A61679001AE706 /* NSDictionary+RequestEncoding.h */,
				3ED2AF9618A61679001AE706 /* NSDictionary+RequestEncoding.m */,
				3ED2AF9718A61679001AE706 /* NSString+MKNetworkKitAdditions.h */,
				3ED2AF9818A61679001AE706 /* NSString+MKNetworkKitAdditions.m */,
				3ED2AF9918A61679001AE706 /* UIAlertView+MKNetworkKitAdditions.h */,
				3ED2AF9A18A61679001AE706 /* UIAlertView+MKNetworkKitAdditions.m */,
				3ED2AF9B18A61679001AE706 /* UIImageView+MKNetworkKitAdditions.h */,
				3ED2AF9C18A61679001AE706 /* UIImageView+MKNetworkKitAdditions.m */,
			);
			path = Categories;
			sourceTree = "<group>";
		};
		3ED2AFA218A61679001AE706 /* Reachability */ = {
			isa = PBXGroup;
			children = (
				3ED2AFA318A61679001AE706 /* Reachability.h */,
				3ED2AFA418A61679001AE706 /* Reachability.m */,
			);
			path = Reachability;
			sourceTree = "<group>";
		};
		3ED2AFB218A652B0001AE706 /* SDWebImage */ = {
			isa = PBXGroup;
			children = (
				3ED2AFB318A652B0001AE706 /* MKAnnotationView+WebCache.h */,
				3ED2AFB418A652B0001AE706 /* MKAnnotationView+WebCache.m */,
				3ED2AFB518A652B0001AE706 /* NSData+ImageContentType.h */,
				3ED2AFB618A652B0001AE706 /* NSData+ImageContentType.m */,
				3ED2AFB718A652B0001AE706 /* SDImageCache.h */,
				3ED2AFB818A652B0001AE706 /* SDImageCache.m */,
				3ED2AFB918A652B0001AE706 /* SDWebImageCompat.h */,
				3ED2AFBA18A652B0001AE706 /* SDWebImageCompat.m */,
				3ED2AFBB18A652B0001AE706 /* SDWebImageDecoder.h */,
				3ED2AFBC18A652B0001AE706 /* SDWebImageDecoder.m */,
				3ED2AFBD18A652B0001AE706 /* SDWebImageDownloader.h */,
				3ED2AFBE18A652B0001AE706 /* SDWebImageDownloader.m */,
				3ED2AFBF18A652B0001AE706 /* SDWebImageDownloaderOperation.h */,
				3ED2AFC018A652B0001AE706 /* SDWebImageDownloaderOperation.m */,
				3ED2AFC118A652B0001AE706 /* SDWebImageManager.h */,
				3ED2AFC218A652B0001AE706 /* SDWebImageManager.m */,
				3ED2AFC318A652B0001AE706 /* SDWebImageOperation.h */,
				3ED2AFC418A652B0001AE706 /* SDWebImagePrefetcher.h */,
				3ED2AFC518A652B0001AE706 /* SDWebImagePrefetcher.m */,
				3ED2AFC618A652B0001AE706 /* UIButton+WebCache.h */,
				3ED2AFC718A652B0001AE706 /* UIButton+WebCache.m */,
				3ED2AFC818A652B0001AE706 /* UIImage+GIF.h */,
				3ED2AFC918A652B0001AE706 /* UIImage+GIF.m */,
				3ED2AFCA18A652B0001AE706 /* UIImage+MultiFormat.h */,
				3ED2AFCB18A652B0001AE706 /* UIImage+MultiFormat.m */,
				3ED2AFCC18A652B0001AE706 /* UIImage+WebP.h */,
				3ED2AFCD18A652B0001AE706 /* UIImage+WebP.m */,
				3ED2AFCE18A652B0001AE706 /* UIImageView+WebCache.h */,
				3ED2AFCF18A652B0001AE706 /* UIImageView+WebCache.m */,
			);
			path = SDWebImage;
			sourceTree = "<group>";
		};
		3ED2AFDE18A65F78001AE706 /* Model */ = {
			isa = PBXGroup;
			children = (
				3ED2AFF218A76B8D001AE706 /* ADDRMACRO.h */,
				3ED2AFAF18A62156001AE706 /* LINGoodModel.h */,
				3ED2AFB018A62156001AE706 /* LINGoodModel.m */,
				3ED2AFDF18A65FA9001AE706 /* LINUserModel.h */,
				3ED2AFE018A65FA9001AE706 /* LINUserModel.m */,
				3ED2AFE218A661DB001AE706 /* LINOrderList.h */,
				3ED2AFE318A661DB001AE706 /* LINOrderList.m */,
			);
			name = Model;
			sourceTree = "<group>";
		};
		3ED2AFE518A66385001AE706 /* Lin's Module */ = {
			isa = PBXGroup;
			children = (
				3ED2AFF618A77C84001AE706 /* LINRootViewController.h */,
				3ED2AFF718A77C84001AE706 /* LINRootViewController.m */,
				3E97678618A13B6000AE48D3 /* LINOrderViewController.h */,
				3ECAF93318A25EBF007D3ECE /* LINOrderViewController.m */,
				3ECED71018A14CB6007B3FC8 /* LINPickFoodViewController.h */,
				3ECED71118A14CB6007B3FC8 /* LINPickFoodViewController.m */,
			);
			name = "Lin's Module";
			sourceTree = "<group>";
		};
		3ED2B00918A78292001AE706 /* CXAlertView */ = {
			isa = PBXGroup;
			children = (
				3ED2B00A18A78292001AE706 /* CXAlertBackgroundWindow.h */,
				3ED2B00B18A78292001AE706 /* CXAlertBackgroundWindow.m */,
				3ED2B00C18A78292001AE706 /* CXAlertButtonContainerView.h */,
				3ED2B00D18A78292001AE706 /* CXAlertButtonContainerView.m */,
				3ED2B00E18A78292001AE706 /* CXAlertButtonItem.h */,
				3ED2B00F18A78292001AE706 /* CXAlertButtonItem.m */,
				3ED2B01018A78292001AE706 /* CXAlertView.h */,
				3ED2B01118A78292001AE706 /* CXAlertView.m */,
				3ED2B01218A78292001AE706 /* CXAlertViewController.h */,
				3ED2B01318A78292001AE706 /* CXAlertViewController.m */,
				3ED2B01418A78292001AE706 /* LFDisplayBridge.h */,
				3ED2B01518A78292001AE706 /* LFDisplayBridge.m */,
				3ED2B01618A78292001AE706 /* LFGlassView.h */,
				3ED2B01718A78292001AE706 /* LFGlassView.m */,
				3ED2B01818A78292001AE706 /* LiveFrost.h */,
			);
			path = CXAlertView;
			sourceTree = "<group>";
		};
/* End PBXGroup section */

/* Begin PBXNativeTarget section */
		3E97674D18A1299800AE48D3 /* XDWM */ = {
			isa = PBXNativeTarget;
			buildConfigurationList = 3E97678018A1299900AE48D3 /* Build configuration list for PBXNativeTarget "XDWM" */;
			buildPhases = (
				3E97674A18A1299800AE48D3 /* Sources */,
				3E97674B18A1299800AE48D3 /* Frameworks */,
				3E97674C18A1299800AE48D3 /* Resources */,
			);
			buildRules = (
			);
			dependencies = (
			);
			name = XDWM;
			productName = XDWM;
			productReference = 3E97674E18A1299800AE48D3 /* XDWM.app */;
			productType = "com.apple.product-type.application";
		};
		3E97676E18A1299800AE48D3 /* XDWMTests */ = {
			isa = PBXNativeTarget;
			buildConfigurationList = 3E97678318A1299900AE48D3 /* Build configuration list for PBXNativeTarget "XDWMTests" */;
			buildPhases = (
				3E97676B18A1299800AE48D3 /* Sources */,
				3E97676C18A1299800AE48D3 /* Frameworks */,
				3E97676D18A1299800AE48D3 /* Resources */,
			);
			buildRules = (
			);
			dependencies = (
				3E97677518A1299800AE48D3 /* PBXTargetDependency */,
			);
			name = XDWMTests;
			productName = XDWMTests;
			productReference = 3E97676F18A1299800AE48D3 /* XDWMTests.xctest */;
			productType = "com.apple.product-type.bundle.unit-test";
		};
/* End PBXNativeTarget section */

/* Begin PBXProject section */
		3E97674618A1299800AE48D3 /* Project object */ = {
			isa = PBXProject;
			attributes = {
				LastUpgradeCheck = 0500;
				ORGANIZATIONNAME = WeAround;
				TargetAttributes = {
					3E97674D18A1299800AE48D3 = {
						DevelopmentTeam = QTZNKWLRFR;
					};
					3E97676E18A1299800AE48D3 = {
						TestTargetID = 3E97674D18A1299800AE48D3;
					};
				};
			};
			buildConfigurationList = 3E97674918A1299800AE48D3 /* Build configuration list for PBXProject "XDWM" */;
			compatibilityVersion = "Xcode 3.2";
			developmentRegion = English;
			hasScannedForEncodings = 0;
			knownRegions = (
				en,
				Base,
			);
			mainGroup = 3E97674518A1299800AE48D3;
			productRefGroup = 3E97674F18A1299800AE48D3 /* Products */;
			projectDirPath = "";
			projectRoot = "";
			targets = (
				3E97674D18A1299800AE48D3 /* XDWM */,
				3E97676E18A1299800AE48D3 /* XDWMTests */,
			);
		};
/* End PBXProject section */

/* Begin PBXResourcesBuildPhase section */
		3E97674C18A1299800AE48D3 /* Resources */ = {
			isa = PBXResourcesBuildPhase;
			buildActionMask = 2147483647;
			files = (
				3E27F53218AD35CC0010C77C /* 公告.png in Resources */,
				3E27F53618AD35D90010C77C /* 订餐.png in Resources */,
				3E27F53418AD35CC0010C77C /* 留言.png in Resources */,
				3E97676A18A1299800AE48D3 /* Images.xcassets in Resources */,
				3E27F53118AD35CC0010C77C /* 个人.png in Resources */,
				3ECAF93918A26304007D3ECE /* Main.storyboard in Resources */,
				3E27F53318AD35CC0010C77C /* 记录.png in Resources */,
				3E97675C18A1299800AE48D3 /* InfoPlist.strings in Resources */,
			);
			runOnlyForDeploymentPostprocessing = 0;
		};
		3E97676D18A1299800AE48D3 /* Resources */ = {
			isa = PBXResourcesBuildPhase;
			buildActionMask = 2147483647;
			files = (
				3E97677B18A1299900AE48D3 /* InfoPlist.strings in Resources */,
			);
			runOnlyForDeploymentPostprocessing = 0;
		};
/* End PBXResourcesBuildPhase section */

/* Begin PBXSourcesBuildPhase section */
		3E97674A18A1299800AE48D3 /* Sources */ = {
			isa = PBXSourcesBuildPhase;
			buildActionMask = 2147483647;
			files = (
				3ED2AFDA18A652B0001AE706 /* UIImage+GIF.m in Sources */,
				3ED2AFD718A652B0001AE706 /* SDWebImageManager.m in Sources */,
				3ED2B01C18A78292001AE706 /* CXAlertView.m in Sources */,
				3ED2AFD618A652B0001AE706 /* SDWebImageDownloaderOperation.m in Sources */,
				3ED2AFA918A61679001AE706 /* NSString+MKNetworkKitAdditions.m in Sources */,
				3ED2AFD218A652B0001AE706 /* SDImageCache.m in Sources */,
				3ED2AFD018A652B0001AE706 /* MKAnnotationView+WebCache.m in Sources */,
				3ED2B01E18A78292001AE706 /* LFDisplayBridge.m in Sources */,
				3ED2AFE118A65FA9001AE706 /* LINUserModel.m in Sources */,
				3ED2AFA518A61679001AE706 /* NSAlert+MKNetworkKitAdditions.m in Sources */,
				3ED2AFDB18A652B0001AE706 /* UIImage+MultiFormat.m in Sources */,
				3E97676218A1299800AE48D3 /* AppDelegate.m in Sources */,
				3ED2AFAD18A61679001AE706 /* MKNetworkOperation.m in Sources */,
				3ED2AFAA18A61679001AE706 /* UIAlertView+MKNetworkKitAdditions.m in Sources */,
				3E27F52C18AD26140010C77C /* TestViewController.m in Sources */,
				3ED2B01918A78292001AE706 /* CXAlertBackgroundWindow.m in Sources */,
				3ED2AFDC18A652B0001AE706 /* UIImage+WebP.m in Sources */,
				3ED2AFD818A652B0001AE706 /* SDWebImagePrefetcher.m in Sources */,
				3ED2B01D18A78292001AE706 /* CXAlertViewController.m in Sources */,
				3ED2AFAC18A61679001AE706 /* MKNetworkEngine.m in Sources */,
				3ED2AFA718A61679001AE706 /* NSDate+RFC1123.m in Sources */,
				3ED2B01F18A78292001AE706 /* LFGlassView.m in Sources */,
				3ED2AFA818A61679001AE706 /* NSDictionary+RequestEncoding.m in Sources */,
				3ED2AFD318A652B0001AE706 /* SDWebImageCompat.m in Sources */,
				3ED2AFD118A652B0001AE706 /* NSData+ImageContentType.m in Sources */,
				3ED2AFD418A652B0001AE706 /* SDWebImageDecoder.m in Sources */,
				3ED2AFAB18A61679001AE706 /* UIImageView+MKNetworkKitAdditions.m in Sources */,
				3ED2B01A18A78292001AE706 /* CXAlertButtonContainerView.m in Sources */,
				3ED2AFD918A652B0001AE706 /* UIButton+WebCache.m in Sources */,
				3E97675E18A1299800AE48D3 /* main.m in Sources */,
				3ED2AFAE18A61679001AE706 /* Reachability.m in Sources */,
				3ED2AFF818A77C84001AE706 /* LINRootViewController.m in Sources */,
				3ECED71218A14CB6007B3FC8 /* LINPickFoodViewController.m in Sources */,
				3ECAF93418A25EBF007D3ECE /* LINOrderViewController.m in Sources */,
				3ED2B01B18A78292001AE706 /* CXAlertButtonItem.m in Sources */,
				3ED2AFB118A62156001AE706 /* LINGoodModel.m in Sources */,
				3ED2AFDD18A652B0001AE706 /* UIImageView+WebCache.m in Sources */,
				3ED2AFD518A652B0001AE706 /* SDWebImageDownloader.m in Sources */,
				3ED2AFA618A61679001AE706 /* NSData+MKBase64.m in Sources */,
				3ED2AFE418A661DB001AE706 /* LINOrderList.m in Sources */,
			);
			runOnlyForDeploymentPostprocessing = 0;
		};
		3E97676B18A1299800AE48D3 /* Sources */ = {
			isa = PBXSourcesBuildPhase;
			buildActionMask = 2147483647;
			files = (
				3E97677D18A1299900AE48D3 /* XDWMTests.m in Sources */,
			);
			runOnlyForDeploymentPostprocessing = 0;
		};
/* End PBXSourcesBuildPhase section */

/* Begin PBXTargetDependency section */
		3E97677518A1299800AE48D3 /* PBXTargetDependency */ = {
			isa = PBXTargetDependency;
			target = 3E97674D18A1299800AE48D3 /* XDWM */;
			targetProxy = 3E97677418A1299800AE48D3 /* PBXContainerItemProxy */;
		};
/* End PBXTargetDependency section */

/* Begin PBXVariantGroup section */
		3E97675A18A1299800AE48D3 /* InfoPlist.strings */ = {
			isa = PBXVariantGroup;
			children = (
				3E97675B18A1299800AE48D3 /* en */,
			);
			name = InfoPlist.strings;
			sourceTree = "<group>";
		};
		3E97677918A1299900AE48D3 /* InfoPlist.strings */ = {
			isa = PBXVariantGroup;
			children = (
				3E97677A18A1299900AE48D3 /* en */,
			);
			name = InfoPlist.strings;
			sourceTree = "<group>";
		};
/* End PBXVariantGroup section */

/* Begin XCBuildConfiguration section */
		3E97677E18A1299900AE48D3 /* Debug */ = {
			isa = XCBuildConfiguration;
			buildSettings = {
				ALWAYS_SEARCH_USER_PATHS = NO;
				ARCHS = "$(ARCHS_STANDARD_INCLUDING_64_BIT)";
				CLANG_CXX_LANGUAGE_STANDARD = "gnu++0x";
				CLANG_CXX_LIBRARY = "libc++";
				CLANG_ENABLE_MODULES = YES;
				CLANG_ENABLE_OBJC_ARC = YES;
				CLANG_WARN_BOOL_CONVERSION = YES;
				CLANG_WARN_CONSTANT_CONVERSION = YES;
				CLANG_WARN_DIRECT_OBJC_ISA_USAGE = YES_ERROR;
				CLANG_WARN_EMPTY_BODY = YES;
				CLANG_WARN_ENUM_CONVERSION = YES;
				CLANG_WARN_INT_CONVERSION = YES;
				CLANG_WARN_OBJC_ROOT_CLASS = YES_ERROR;
				CLANG_WARN__DUPLICATE_METHOD_MATCH = YES;
				"CODE_SIGN_IDENTITY[sdk=iphoneos*]" = "iPhone Developer";
				COPY_PHASE_STRIP = NO;
				GCC_C_LANGUAGE_STANDARD = gnu99;
				GCC_DYNAMIC_NO_PIC = NO;
				GCC_OPTIMIZATION_LEVEL = 0;
				GCC_PREPROCESSOR_DEFINITIONS = (
					"DEBUG=1",
					"$(inherited)",
				);
				GCC_SYMBOLS_PRIVATE_EXTERN = NO;
				GCC_WARN_64_TO_32_BIT_CONVERSION = YES;
				GCC_WARN_ABOUT_RETURN_TYPE = YES_ERROR;
				GCC_WARN_UNDECLARED_SELECTOR = YES;
				GCC_WARN_UNINITIALIZED_AUTOS = YES;
				GCC_WARN_UNUSED_FUNCTION = YES;
				GCC_WARN_UNUSED_VARIABLE = YES;
				IPHONEOS_DEPLOYMENT_TARGET = 7.0;
				ONLY_ACTIVE_ARCH = YES;
				SDKROOT = iphoneos;
			};
			name = Debug;
		};
		3E97677F18A1299900AE48D3 /* Release */ = {
			isa = XCBuildConfiguration;
			buildSettings = {
				ALWAYS_SEARCH_USER_PATHS = NO;
				ARCHS = "$(ARCHS_STANDARD_INCLUDING_64_BIT)";
				CLANG_CXX_LANGUAGE_STANDARD = "gnu++0x";
				CLANG_CXX_LIBRARY = "libc++";
				CLANG_ENABLE_MODULES = YES;
				CLANG_ENABLE_OBJC_ARC = YES;
				CLANG_WARN_BOOL_CONVERSION = YES;
				CLANG_WARN_CONSTANT_CONVERSION = YES;
				CLANG_WARN_DIRECT_OBJC_ISA_USAGE = YES_ERROR;
				CLANG_WARN_EMPTY_BODY = YES;
				CLANG_WARN_ENUM_CONVERSION = YES;
				CLANG_WARN_INT_CONVERSION = YES;
				CLANG_WARN_OBJC_ROOT_CLASS = YES_ERROR;
				CLANG_WARN__DUPLICATE_METHOD_MATCH = YES;
				"CODE_SIGN_IDENTITY[sdk=iphoneos*]" = "iPhone Developer";
				COPY_PHASE_STRIP = YES;
				ENABLE_NS_ASSERTIONS = NO;
				GCC_C_LANGUAGE_STANDARD = gnu99;
				GCC_WARN_64_TO_32_BIT_CONVERSION = YES;
				GCC_WARN_ABOUT_RETURN_TYPE = YES_ERROR;
				GCC_WARN_UNDECLARED_SELECTOR = YES;
				GCC_WARN_UNINITIALIZED_AUTOS = YES;
				GCC_WARN_UNUSED_FUNCTION = YES;
				GCC_WARN_UNUSED_VARIABLE = YES;
				IPHONEOS_DEPLOYMENT_TARGET = 7.0;
				SDKROOT = iphoneos;
				VALIDATE_PRODUCT = YES;
			};
			name = Release;
		};
		3E97678118A1299900AE48D3 /* Debug */ = {
			isa = XCBuildConfiguration;
			buildSettings = {
				ASSETCATALOG_COMPILER_APPICON_NAME = AppIcon;
				ASSETCATALOG_COMPILER_LAUNCHIMAGE_NAME = LaunchImage;
				CODE_SIGN_IDENTITY = "iPhone Developer";
				GCC_PRECOMPILE_PREFIX_HEADER = YES;
				GCC_PREFIX_HEADER = "XDWM/XDWM-Prefix.pch";
				INFOPLIST_FILE = "XDWM/XDWM-Info.plist";
				IPHONEOS_DEPLOYMENT_TARGET = 6.0;
				PRODUCT_NAME = "$(TARGET_NAME)";
				WRAPPER_EXTENSION = app;
			};
			name = Debug;
		};
		3E97678218A1299900AE48D3 /* Release */ = {
			isa = XCBuildConfiguration;
			buildSettings = {
				ASSETCATALOG_COMPILER_APPICON_NAME = AppIcon;
				ASSETCATALOG_COMPILER_LAUNCHIMAGE_NAME = LaunchImage;
				CODE_SIGN_IDENTITY = "iPhone Developer";
				GCC_PRECOMPILE_PREFIX_HEADER = YES;
				GCC_PREFIX_HEADER = "XDWM/XDWM-Prefix.pch";
				INFOPLIST_FILE = "XDWM/XDWM-Info.plist";
				IPHONEOS_DEPLOYMENT_TARGET = 6.0;
				PRODUCT_NAME = "$(TARGET_NAME)";
				WRAPPER_EXTENSION = app;
			};
			name = Release;
		};
		3E97678418A1299900AE48D3 /* Debug */ = {
			isa = XCBuildConfiguration;
			buildSettings = {
				ARCHS = "$(ARCHS_STANDARD_INCLUDING_64_BIT)";
				BUNDLE_LOADER = "$(BUILT_PRODUCTS_DIR)/XDWM.app/XDWM";
				FRAMEWORK_SEARCH_PATHS = (
					"$(SDKROOT)/Developer/Library/Frameworks",
					"$(inherited)",
					"$(DEVELOPER_FRAMEWORKS_DIR)",
				);
				GCC_PRECOMPILE_PREFIX_HEADER = YES;
				GCC_PREFIX_HEADER = "XDWM/XDWM-Prefix.pch";
				GCC_PREPROCESSOR_DEFINITIONS = (
					"DEBUG=1",
					"$(inherited)",
				);
				INFOPLIST_FILE = "XDWMTests/XDWMTests-Info.plist";
				PRODUCT_NAME = "$(TARGET_NAME)";
				TEST_HOST = "$(BUNDLE_LOADER)";
				WRAPPER_EXTENSION = xctest;
			};
			name = Debug;
		};
		3E97678518A1299900AE48D3 /* Release */ = {
			isa = XCBuildConfiguration;
			buildSettings = {
				ARCHS = "$(ARCHS_STANDARD_INCLUDING_64_BIT)";
				BUNDLE_LOADER = "$(BUILT_PRODUCTS_DIR)/XDWM.app/XDWM";
				FRAMEWORK_SEARCH_PATHS = (
					"$(SDKROOT)/Developer/Library/Frameworks",
					"$(inherited)",
					"$(DEVELOPER_FRAMEWORKS_DIR)",
				);
				GCC_PRECOMPILE_PREFIX_HEADER = YES;
				GCC_PREFIX_HEADER = "XDWM/XDWM-Prefix.pch";
				INFOPLIST_FILE = "XDWMTests/XDWMTests-Info.plist";
				PRODUCT_NAME = "$(TARGET_NAME)";
				TEST_HOST = "$(BUNDLE_LOADER)";
				WRAPPER_EXTENSION = xctest;
			};
			name = Release;
		};
/* End XCBuildConfiguration section */

/* Begin XCConfigurationList section */
		3E97674918A1299800AE48D3 /* Build configuration list for PBXProject "XDWM" */ = {
			isa = XCConfigurationList;
			buildConfigurations = (
				3E97677E18A1299900AE48D3 /* Debug */,
				3E97677F18A1299900AE48D3 /* Release */,
			);
			defaultConfigurationIsVisible = 0;
			defaultConfigurationName = Release;
		};
		3E97678018A1299900AE48D3 /* Build configuration list for PBXNativeTarget "XDWM" */ = {
			isa = XCConfigurationList;
			buildConfigurations = (
				3E97678118A1299900AE48D3 /* Debug */,
				3E97678218A1299900AE48D3 /* Release */,
			);
			defaultConfigurationIsVisible = 0;
			defaultConfigurationName = Release;
		};
		3E97678318A1299900AE48D3 /* Build configuration list for PBXNativeTarget "XDWMTests" */ = {
			isa = XCConfigurationList;
			buildConfigurations = (
				3E97678418A1299900AE48D3 /* Debug */,
				3E97678518A1299900AE48D3 /* Release */,
			);
			defaultConfigurationIsVisible = 0;
			defaultConfigurationName = Release;
		};
/* End XCConfigurationList section */
	};
	rootObject = 3E97674618A1299800AE48D3 /* Project object */;
}
